
Microsoft Visual Studio Solution File, Format Version 12.00
# Visual Studio Version 17
VisualStudioVersion = 17.0.31912.275
MinimumVisualStudioVersion = 10.0.40219.1
Project("{9A19103F-16F7-4668-BE54-9A1E7A4F7556}") = "VanillaPlus", "VanillaPlus.csproj", "{4233C94F-1393-4AB9-86B9-36D6CB623E6C}"
EndProject
Global
	GlobalSection(SolutionConfigurationPlatforms) = preSolution
		Debug|Any CPU = Debug|Any CPU
		Release|Any CPU = Release|Any CPU
	EndGlobalSection
	GlobalSection(ProjectConfigurationPlatforms) = postSolution
		{4233C94F-1393-4AB9-86B9-36D6CB623E6C}.Debug|Any CPU.ActiveCfg = Debug|Any CPU
		{4233C94F-1393-4AB9-86B9-36D6CB623E6C}.Debug|Any CPU.Build.0 = Debug|Any CPU
		{4233C94F-1393-4AB9-86B9-36D6CB623E6C}.Release|Any CPU.ActiveCfg = Release|Any CPU
		{4233C94F-1393-4AB9-86B9-36D6CB623E6C}.Release|Any CPU.Build.0 = Release|Any CPU
	EndGlobalSection
	GlobalSection(SolutionProperties) = preSolution
		HideSolutionNode = FALSE
	EndGlobalSection
	GlobalSection(ExtensibilityGlobals) = postSolution
		SolutionGuid = {0DE75BC0-F9D9-486E-AC3D-FB75EBD219C1}
	EndGlobalSection
EndGlobal
